Microsoft Visual Studio Solution File, Format Version 12.00
# Visual Studio Version 17
VisualStudioVersion = 17.5.2.0
MinimumVisualStudioVersion = 10.0.40219.1
Project("{FAE04EC0-301F-11D3-BF4B-00C04F79EFBC}") = "GoodMeal-AI-Food-Recommendation-System-Blazor", "GoodMeal-AI-Food-Recommendation-System-Blazor.csproj", "{7D4CCE7B-9627-F514-1809-5FC81C2A5A5D}"
EndProject
Global
	GlobalSection(SolutionConfigurationPlatforms) = preSolution
		Debug|Any CPU = Debug|Any CPU
		Release|Any CPU = Release|Any CPU
	EndGlobalSection
	GlobalSection(ProjectConfigurationPlatforms) = postSolution
		{7D4CCE7B-9627-F514-1809-5FC81C2A5A5D}.Debug|Any CPU.ActiveCfg = Debug|Any CPU
		{7D4CCE7B-9627-F514-1809-5FC81C2A5A5D}.Debug|Any CPU.Build.0 = Debug|Any CPU
		{7D4CCE7B-9627-F514-1809-5FC81C2A5A5D}.Release|Any CPU.ActiveCfg = Release|Any CPU
		{7D4CCE7B-9627-F514-1809-5FC81C2A5A5D}.Release|Any CPU.Build.0 = Release|Any CPU
	EndGlobalSection
	GlobalSection(SolutionProperties) = preSolution
		HideSolutionNode = FALSE
	EndGlobalSection
	GlobalSection(ExtensibilityGlobals) = postSolution
		SolutionGuid = {8D174D0C-5779-4588-A1CC-248EBA817FA2}
	EndGlobalSection
EndGlobal
